// !$*UTF8*$!
{
	archiveVersion = 1;
	classes = {
	};
	objectVersion = 77;
	objects = {

/* Begin PBXBuildFile section */
		B63807E12D304B5E00505358 /* App.swift in Sources */ = {isa = PBXBuildFile; fileRef = B63807D92D304B5E00505358 /* App.swift */; };
		B63807E22D304B5E00505358 /* ContentView.swift in Sources */ = {isa = PBXBuildFile; fileRef = B63807DA2D304B5E00505358 /* ContentView.swift */; };
		B63807E32D304B5E00505358 /* Main.metal in Sources */ = {isa = PBXBuildFile; fileRef = B63807DC2D304B5E00505358 /* Main.metal */; };
		B63807E42D304B5E00505358 /* MetalViewController.swift in Sources */ = {isa = PBXBuildFile; fileRef = B63807DD2D304B5E00505358 /* MetalViewController.swift */; };
		B63807E52D304B5E00505358 /* Renderer.swift in Sources */ = {isa = PBXBuildFile; fileRef = B63807DE2D304B5E00505358 /* Renderer.swift */; };
		B63F83332D303132003212F4 /* Default.xcconfig in Resources */ = {isa = PBXBuildFile; fileRef = B63F83322D303132003212F4 /* Default.xcconfig */; };
		B67A87BB2DD656AC000ECDFB /* Batcher.metal in Sources */ = {isa = PBXBuildFile; fileRef = B67A87BA2DD656A9000ECDFB /* Batcher.metal */; };
		B67A87BD2DD77785000ECDFB /* PrefixSums.metal in Sources */ = {isa = PBXBuildFile; fileRef = B67A87BC2DD77780000ECDFB /* PrefixSums.metal */; };
		B67A87BF2DD7D169000ECDFB /* PrefixSums.swift in Sources */ = {isa = PBXBuildFile; fileRef = B67A87BE2DD7D165000ECDFB /* PrefixSums.swift */; };
		B67B9EF82DE1002C0032768E /* CheckSorted.metal in Sources */ = {isa = PBXBuildFile; fileRef = B67B9EF72DE100120032768E /* CheckSorted.metal */; };
		B67B9EFA2DE10D0F0032768E /* CheckSorted.swift in Sources */ = {isa = PBXBuildFile; fileRef = B67B9EF92DE10D0C0032768E /* CheckSorted.swift */; };
		B6C160852DECD1030077F5B7 /* BitwiseAndOr.swift in Sources */ = {isa = PBXBuildFile; fileRef = B6C160842DECD0F70077F5B7 /* BitwiseAndOr.swift */; };
		B6C160872DECD1100077F5B7 /* BitwiseAndOr.metal in Sources */ = {isa = PBXBuildFile; fileRef = B6C160862DECD10C0077F5B7 /* BitwiseAndOr.metal */; };
		B6C160892DECE6220077F5B7 /* RadixSort.swift in Sources */ = {isa = PBXBuildFile; fileRef = B6C160882DECE61E0077F5B7 /* RadixSort.swift */; };
		B6C1C8D52DDC0E080042677E /* BitonicSort.metal in Sources */ = {isa = PBXBuildFile; fileRef = B6C1C8D42DDC0E020042677E /* BitonicSort.metal */; };
		B6C3EF1F2DDE333A003BCBA4 /* RadixSort.metal in Sources */ = {isa = PBXBuildFile; fileRef = B6C3EF1E2DDE3336003BCBA4 /* RadixSort.metal */; };
/* End PBXBuildFile section */

/* Begin PBXFileReference section */
		B63807D92D304B5E00505358 /* App.swift */ = {isa = PBXFileReference; lastKnownFileType = sourcecode.swift; path = App.swift; sourceTree = "<group>"; };
		B63807DA2D304B5E00505358 /* ContentView.swift */ = {isa = PBXFileReference; lastKnownFileType = sourcecode.swift; path = ContentView.swift; sourceTree = "<group>"; };
		B63807DB2D304B5E00505358 /* Entitlements.entitlements */ = {isa = PBXFileReference; lastKnownFileType = text.plist.entitlements; path = Entitlements.entitlements; sourceTree = "<group>"; };
		B63807DC2D304B5E00505358 /* Main.metal */ = {isa = PBXFileReference; lastKnownFileType = sourcecode.metal; path = Main.metal; sourceTree = "<group>"; };
		B63807DD2D304B5E00505358 /* MetalViewController.swift */ = {isa = PBXFileReference; lastKnownFileType = sourcecode.swift; path = MetalViewController.swift; sourceTree = "<group>"; };
		B63807DE2D304B5E00505358 /* Renderer.swift */ = {isa = PBXFileReference; lastKnownFileType = sourcecode.swift; path = Renderer.swift; sourceTree = "<group>"; };
		B63807DF2D304B5E00505358 /* Shaders.h */ = {isa = PBXFileReference; lastKnownFileType = sourcecode.c.h; path = Shaders.h; sourceTree = "<group>"; };
		B63F82EC2D2FFB20003212F4 /* Metal-Sorting.app */ = {isa = PBXFileReference; explicitFileType = wrapper.application; includeInIndex = 0; path = "Metal-Sorting.app"; sourceTree = BUILT_PRODUCTS_DIR; };
		B63F83322D303132003212F4 /* Default.xcconfig */ = {isa = PBXFileReference; lastKnownFileType = text.xcconfig; path = Default.xcconfig; sourceTree = "<group>"; };
		B67A87BA2DD656A9000ECDFB /* Batcher.metal */ = {isa = PBXFileReference; lastKnownFileType = sourcecode.metal; path = Batcher.metal; sourceTree = "<group>"; };
		B67A87BC2DD77780000ECDFB /* PrefixSums.metal */ = {isa = PBXFileReference; lastKnownFileType = sourcecode.metal; path = PrefixSums.metal; sourceTree = "<group>"; };
		B67A87BE2DD7D165000ECDFB /* PrefixSums.swift */ = {isa = PBXFileReference; lastKnownFileType = sourcecode.swift; path = PrefixSums.swift; sourceTree = "<group>"; };
		B67B9EF72DE100120032768E /* CheckSorted.metal */ = {isa = PBXFileReference; lastKnownFileType = sourcecode.metal; path = CheckSorted.metal; sourceTree = "<group>"; };
		B67B9EF92DE10D0C0032768E /* CheckSorted.swift */ = {isa = PBXFileReference; lastKnownFileType = sourcecode.swift; path = CheckSorted.swift; sourceTree = "<group>"; };
		B6C160842DECD0F70077F5B7 /* BitwiseAndOr.swift */ = {isa = PBXFileReference; lastKnownFileType = sourcecode.swift; path = BitwiseAndOr.swift; sourceTree = "<group>"; };
		B6C160862DECD10C0077F5B7 /* BitwiseAndOr.metal */ = {isa = PBXFileReference; lastKnownFileType = sourcecode.metal; path = BitwiseAndOr.metal; sourceTree = "<group>"; };
		B6C160882DECE61E0077F5B7 /* RadixSort.swift */ = {isa = PBXFileReference; lastKnownFileType = sourcecode.swift; path = RadixSort.swift; sourceTree = "<group>"; };
		B6C1C8D42DDC0E020042677E /* BitonicSort.metal */ = {isa = PBXFileReference; lastKnownFileType = sourcecode.metal; path = BitonicSort.metal; sourceTree = "<group>"; };
		B6C3EF1E2DDE3336003BCBA4 /* RadixSort.metal */ = {isa = PBXFileReference; lastKnownFileType = sourcecode.metal; path = RadixSort.metal; sourceTree = "<group>"; };
/* End PBXFileReference section */

/* Begin PBXFrameworksBuildPhase section */
		B63F82E92D2FFB20003212F4 /* Frameworks */ = {
			isa = PBXFrameworksBuildPhase;
			buildActionMask = 2147483647;
			files = (
			);
			runOnlyForDeploymentPostprocessing = 0;
		};
/* End PBXFrameworksBuildPhase section */

/* Begin PBXGroup section */
		B63807E02D304B5E00505358 /* Application */ = {
			isa = PBXGroup;
			children = (
				B63807DF2D304B5E00505358 /* Shaders.h */,
				B63807DC2D304B5E00505358 /* Main.metal */,
				B67A87BA2DD656A9000ECDFB /* Batcher.metal */,
				B6C160862DECD10C0077F5B7 /* BitwiseAndOr.metal */,
				B67A87BC2DD77780000ECDFB /* PrefixSums.metal */,
				B6C1C8D42DDC0E020042677E /* BitonicSort.metal */,
				B67B9EF72DE100120032768E /* CheckSorted.metal */,
				B6C3EF1E2DDE3336003BCBA4 /* RadixSort.metal */,
				B6C160842DECD0F70077F5B7 /* BitwiseAndOr.swift */,
				B67A87BE2DD7D165000ECDFB /* PrefixSums.swift */,
				B67B9EF92DE10D0C0032768E /* CheckSorted.swift */,
				B6C160882DECE61E0077F5B7 /* RadixSort.swift */,
				B63807DE2D304B5E00505358 /* Renderer.swift */,
				B63807DD2D304B5E00505358 /* MetalViewController.swift */,
				B63807DA2D304B5E00505358 /* ContentView.swift */,
				B63807D92D304B5E00505358 /* App.swift */,
				B63807DB2D304B5E00505358 /* Entitlements.entitlements */,
			);
			path = Application;
			sourceTree = "<group>";
		};
		B63F82E32D2FFB20003212F4 = {
			isa = PBXGroup;
			children = (
				B63807E02D304B5E00505358 /* Application */,
				B63F82ED2D2FFB20003212F4 /* Products */,
				B63F83322D303132003212F4 /* Default.xcconfig */,
			);
			sourceTree = "<group>";
			usesTabs = 1;
		};
		B63F82ED2D2FFB20003212F4 /* Products */ = {
			isa = PBXGroup;
			children = (
				B63F82EC2D2FFB20003212F4 /* Metal-Sorting.app */,
			);
			name = Products;
			sourceTree = "<group>";
		};
/* End PBXGroup section */

/* Begin PBXNativeTarget section */
		B63F82EB2D2FFB20003212F4 /* Metal-Sorting */ = {
			isa = PBXNativeTarget;
			buildConfigurationList = B63F82FB2D2FFB21003212F4 /* Build configuration list for PBXNativeTarget "Metal-Sorting" */;
			buildPhases = (
				B63F82E82D2FFB20003212F4 /* Sources */,
				B63F82E92D2FFB20003212F4 /* Frameworks */,
				B63F82EA2D2FFB20003212F4 /* Resources */,
			);
			buildRules = (
			);
			dependencies = (
			);
			name = "Metal-Sorting";
			packageProductDependencies = (
			);
			productName = "Metal-Sorting";
			productReference = B63F82EC2D2FFB20003212F4 /* Metal-Sorting.app */;
			productType = "com.apple.product-type.application";
		};
/* End PBXNativeTarget section */

/* Begin PBXProject section */
		B63F82E42D2FFB20003212F4 /* Project object */ = {
			isa = PBXProject;
			attributes = {
				BuildIndependentTargetsInParallel = 1;
				LastSwiftUpdateCheck = 1620;
				LastUpgradeCheck = 1620;
				TargetAttributes = {
					B63F82EB2D2FFB20003212F4 = {
						CreatedOnToolsVersion = 16.2;
					};
				};
			};
			buildConfigurationList = B63F82E72D2FFB20003212F4 /* Build configuration list for PBXProject "Metal-Sorting" */;
			developmentRegion = en;
			hasScannedForEncodings = 0;
			knownRegions = (
				en,
				Base,
			);
			mainGroup = B63F82E32D2FFB20003212F4;
			minimizedProjectReferenceProxies = 1;
			preferredProjectObjectVersion = 77;
			productRefGroup = B63F82ED2D2FFB20003212F4 /* Products */;
			projectDirPath = "";
			projectRoot = "";
			targets = (
				B63F82EB2D2FFB20003212F4 /* Metal-Sorting */,
			);
		};
/* End PBXProject section */

/* Begin PBXResourcesBuildPhase section */
		B63F82EA2D2FFB20003212F4 /* Resources */ = {
			isa = PBXResourcesBuildPhase;
			buildActionMask = 2147483647;
			files = (
				B63F83332D303132003212F4 /* Default.xcconfig in Resources */,
			);
			runOnlyForDeploymentPostprocessing = 0;
		};
/* End PBXResourcesBuildPhase section */

/* Begin PBXSourcesBuildPhase section */
		B63F82E82D2FFB20003212F4 /* Sources */ = {
			isa = PBXSourcesBuildPhase;
			buildActionMask = 2147483647;
			files = (
				B67B9EF82DE1002C0032768E /* CheckSorted.metal in Sources */,
				B63807E12D304B5E00505358 /* App.swift in Sources */,
				B6C160892DECE6220077F5B7 /* RadixSort.swift in Sources */,
				B6C160872DECD1100077F5B7 /* BitwiseAndOr.metal in Sources */,
				B67A87BF2DD7D169000ECDFB /* PrefixSums.swift in Sources */,
				B63807E22D304B5E00505358 /* ContentView.swift in Sources */,
				B6C1C8D52DDC0E080042677E /* BitonicSort.metal in Sources */,
				B6C160852DECD1030077F5B7 /* BitwiseAndOr.swift in Sources */,
				B63807E32D304B5E00505358 /* Main.metal in Sources */,
				B67A87BD2DD77785000ECDFB /* PrefixSums.metal in Sources */,
				B6C3EF1F2DDE333A003BCBA4 /* RadixSort.metal in Sources */,
				B67A87BB2DD656AC000ECDFB /* Batcher.metal in Sources */,
				B63807E42D304B5E00505358 /* MetalViewController.swift in Sources */,
				B63807E52D304B5E00505358 /* Renderer.swift in Sources */,
				B67B9EFA2DE10D0F0032768E /* CheckSorted.swift in Sources */,
			);
			runOnlyForDeploymentPostprocessing = 0;
		};
/* End PBXSourcesBuildPhase section */

/* Begin XCBuildConfiguration section */
		B63F82F92D2FFB21003212F4 /* Debug */ = {
			isa = XCBuildConfiguration;
			baseConfigurationReference = B63F83322D303132003212F4 /* Default.xcconfig */;
			buildSettings = {
				ALWAYS_SEARCH_USER_PATHS = NO;
				ASSETCATALOG_COMPILER_GENERATE_SWIFT_ASSET_SYMBOL_EXTENSIONS = YES;
				CLANG_ANALYZER_NONNULL = YES;
				CLANG_ANALYZER_NUMBER_OBJECT_CONVERSION = YES_AGGRESSIVE;
				CLANG_CXX_LANGUAGE_STANDARD = "gnu++20";
				CLANG_ENABLE_MODULES = YES;
				CLANG_ENABLE_OBJC_ARC = YES;
				CLANG_ENABLE_OBJC_WEAK = YES;
				CLANG_WARN_BLOCK_CAPTURE_AUTORELEASING = YES;
				CLANG_WARN_BOOL_CONVERSION = YES;
				CLANG_WARN_COMMA = YES;
				CLANG_WARN_CONSTANT_CONVERSION = YES;
				CLANG_WARN_DEPRECATED_OBJC_IMPLEMENTATIONS = YES;
				CLANG_WARN_DIRECT_OBJC_ISA_USAGE = YES_ERROR;
				CLANG_WARN_DOCUMENTATION_COMMENTS = YES;
				CLANG_WARN_EMPTY_BODY = YES;
				CLANG_WARN_ENUM_CONVERSION = YES;
				CLANG_WARN_INFINITE_RECURSION = YES;
				CLANG_WARN_INT_CONVERSION = YES;
				CLANG_WARN_NON_LITERAL_NULL_CONVERSION = YES;
				CLANG_WARN_OBJC_IMPLICIT_RETAIN_SELF = YES;
				CLANG_WARN_OBJC_LITERAL_CONVERSION = YES;
				CLANG_WARN_OBJC_ROOT_CLASS = YES_ERROR;
				CLANG_WARN_QUOTED_INCLUDE_IN_FRAMEWORK_HEADER = YES;
				CLANG_WARN_RANGE_LOOP_ANALYSIS = YES;
				CLANG_WARN_STRICT_PROTOTYPES = YES;
				CLANG_WARN_SUSPICIOUS_MOVE = YES;
				CLANG_WARN_UNGUARDED_AVAILABILITY = YES_AGGRESSIVE;
				CLANG_WARN_UNREACHABLE_CODE = YES;
				CLANG_WARN__DUPLICATE_METHOD_MATCH = YES;
				COPY_PHASE_STRIP = NO;
				DEBUG_INFORMATION_FORMAT = dwarf;
				ENABLE_STRICT_OBJC_MSGSEND = YES;
				ENABLE_TESTABILITY = YES;
				ENABLE_USER_SCRIPT_SANDBOXING = YES;
				GCC_C_LANGUAGE_STANDARD = gnu17;
				GCC_DYNAMIC_NO_PIC = NO;
				GCC_NO_COMMON_BLOCKS = YES;
				GCC_OPTIMIZATION_LEVEL = 0;
				GCC_PREPROCESSOR_DEFINITIONS = (
					"DEBUG=1",
					"$(inherited)",
				);
				GCC_WARN_64_TO_32_BIT_CONVERSION = YES;
				GCC_WARN_ABOUT_RETURN_TYPE = YES_ERROR;
				GCC_WARN_UNDECLARED_SELECTOR = YES;
				GCC_WARN_UNINITIALIZED_AUTOS = YES_AGGRESSIVE;
				GCC_WARN_UNUSED_FUNCTION = YES;
				GCC_WARN_UNUSED_VARIABLE = YES;
				LOCALIZATION_PREFERS_STRING_CATALOGS = YES;
				MTL_ENABLE_DEBUG_INFO = INCLUDE_SOURCE;
				MTL_FAST_MATH = YES;
				ONLY_ACTIVE_ARCH = YES;
				SWIFT_ACTIVE_COMPILATION_CONDITIONS = "DEBUG $(inherited)";
				SWIFT_OPTIMIZATION_LEVEL = "-Onone";
			};
			name = Debug;
		};
		B63F82FA2D2FFB21003212F4 /* Release */ = {
			isa = XCBuildConfiguration;
			baseConfigurationReference = B63F83322D303132003212F4 /* Default.xcconfig */;
			buildSettings = {
				ALWAYS_SEARCH_USER_PATHS = NO;
				ASSETCATALOG_COMPILER_GENERATE_SWIFT_ASSET_SYMBOL_EXTENSIONS = YES;
				CLANG_ANALYZER_NONNULL = YES;
				CLANG_ANALYZER_NUMBER_OBJECT_CONVERSION = YES_AGGRESSIVE;
				CLANG_CXX_LANGUAGE_STANDARD = "gnu++20";
				CLANG_ENABLE_MODULES = YES;
				CLANG_ENABLE_OBJC_ARC = YES;
				CLANG_ENABLE_OBJC_WEAK = YES;
				CLANG_WARN_BLOCK_CAPTURE_AUTORELEASING = YES;
				CLANG_WARN_BOOL_CONVERSION = YES;
				CLANG_WARN_COMMA = YES;
				CLANG_WARN_CONSTANT_CONVERSION = YES;
				CLANG_WARN_DEPRECATED_OBJC_IMPLEMENTATIONS = YES;
				CLANG_WARN_DIRECT_OBJC_ISA_USAGE = YES_ERROR;
				CLANG_WARN_DOCUMENTATION_COMMENTS = YES;
				CLANG_WARN_EMPTY_BODY = YES;
				CLANG_WARN_ENUM_CONVERSION = YES;
				CLANG_WARN_INFINITE_RECURSION = YES;
				CLANG_WARN_INT_CONVERSION = YES;
				CLANG_WARN_NON_LITERAL_NULL_CONVERSION = YES;
				CLANG_WARN_OBJC_IMPLICIT_RETAIN_SELF = YES;
				CLANG_WARN_OBJC_LITERAL_CONVERSION = YES;
				CLANG_WARN_OBJC_ROOT_CLASS = YES_ERROR;
				CLANG_WARN_QUOTED_INCLUDE_IN_FRAMEWORK_HEADER = YES;
				CLANG_WARN_RANGE_LOOP_ANALYSIS = YES;
				CLANG_WARN_STRICT_PROTOTYPES = YES;
				CLANG_WARN_SUSPICIOUS_MOVE = YES;
				CLANG_WARN_UNGUARDED_AVAILABILITY = YES_AGGRESSIVE;
				CLANG_WARN_UNREACHABLE_CODE = YES;
				CLANG_WARN__DUPLICATE_METHOD_MATCH = YES;
				COPY_PHASE_STRIP = NO;
				DEBUG_INFORMATION_FORMAT = "dwarf-with-dsym";
				ENABLE_NS_ASSERTIONS = NO;
				ENABLE_STRICT_OBJC_MSGSEND = YES;
				ENABLE_USER_SCRIPT_SANDBOXING = YES;
				GCC_C_LANGUAGE_STANDARD = gnu17;
				GCC_NO_COMMON_BLOCKS = YES;
				GCC_WARN_64_TO_32_BIT_CONVERSION = YES;
				GCC_WARN_ABOUT_RETURN_TYPE = YES_ERROR;
				GCC_WARN_UNDECLARED_SELECTOR = YES;
				GCC_WARN_UNINITIALIZED_AUTOS = YES_AGGRESSIVE;
				GCC_WARN_UNUSED_FUNCTION = YES;
				GCC_WARN_UNUSED_VARIABLE = YES;
				LOCALIZATION_PREFERS_STRING_CATALOGS = YES;
				MTL_ENABLE_DEBUG_INFO = NO;
				MTL_FAST_MATH = YES;
				SWIFT_COMPILATION_MODE = wholemodule;
			};
			name = Release;
		};
		B63F82FC2D2FFB21003212F4 /* Debug */ = {
			isa = XCBuildConfiguration;
			buildSettings = {
				ASSETCATALOG_COMPILER_APPICON_NAME = AppIcon;
				ASSETCATALOG_COMPILER_GLOBAL_ACCENT_COLOR_NAME = AccentColor;
				CODE_SIGN_ENTITLEMENTS = Application/Entitlements.entitlements;
				CODE_SIGN_STYLE = Automatic;
				CURRENT_PROJECT_VERSION = 1;
				GENERATE_INFOPLIST_FILE = YES;
				"INFOPLIST_KEY_UIApplicationSceneManifest_Generation[sdk=iphoneos*]" = YES;
				"INFOPLIST_KEY_UIApplicationSceneManifest_Generation[sdk=iphonesimulator*]" = YES;
				"INFOPLIST_KEY_UIApplicationSupportsIndirectInputEvents[sdk=iphoneos*]" = YES;
				"INFOPLIST_KEY_UIApplicationSupportsIndirectInputEvents[sdk=iphonesimulator*]" = YES;
				"INFOPLIST_KEY_UILaunchScreen_Generation[sdk=iphoneos*]" = YES;
				"INFOPLIST_KEY_UILaunchScreen_Generation[sdk=iphonesimulator*]" = YES;
				"INFOPLIST_KEY_UIStatusBarStyle[sdk=iphoneos*]" = UIStatusBarStyleDefault;
				"INFOPLIST_KEY_UIStatusBarStyle[sdk=iphonesimulator*]" = UIStatusBarStyleDefault;
				INFOPLIST_KEY_UISupportedInterfaceOrientations_iPad = "UIInterfaceOrientationPortrait UIInterfaceOrientationPortraitUpsideDown UIInterfaceOrientationLandscapeLeft UIInterfaceOrientationLandscapeRight";
				INFOPLIST_KEY_UISupportedInterfaceOrientations_iPhone = "UIInterfaceOrientationPortrait UIInterfaceOrientationLandscapeLeft UIInterfaceOrientationLandscapeRight";
				IPHONEOS_DEPLOYMENT_TARGET = 18.2;
				LD_RUNPATH_SEARCH_PATHS = "@executable_path/Frameworks";
				"LD_RUNPATH_SEARCH_PATHS[sdk=macosx*]" = "@executable_path/../Frameworks";
				MACOSX_DEPLOYMENT_TARGET = 15.1;
				MARKETING_VERSION = 1.0;
				PRODUCT_BUNDLE_IDENTIFIER = "eu.bm-w.Metal-Sorting";
				PRODUCT_NAME = "$(TARGET_NAME)";
				SDKROOT = auto;
				SUPPORTED_PLATFORMS = "iphoneos iphonesimulator macosx xros xrsimulator";
				SWIFT_EMIT_LOC_STRINGS = YES;
				SWIFT_OBJC_BRIDGING_HEADER = Application/Shaders.h;
				SWIFT_UPCOMING_FEATURE_EXISTENTIAL_ANY = YES;
				SWIFT_VERSION = 6.0;
				TARGETED_DEVICE_FAMILY = "1,2,7";
				XROS_DEPLOYMENT_TARGET = 2.2;
			};
			name = Debug;
		};
		B63F82FD2D2FFB21003212F4 /* Release */ = {
			isa = XCBuildConfiguration;
			buildSettings = {
				ASSETCATALOG_COMPILER_APPICON_NAME = AppIcon;
				ASSETCATALOG_COMPILER_GLOBAL_ACCENT_COLOR_NAME = AccentColor;
				CODE_SIGN_ENTITLEMENTS = Application/Entitlements.entitlements;
				CODE_SIGN_STYLE = Automatic;
				CURRENT_PROJECT_VERSION = 1;
				GENERATE_INFOPLIST_FILE = YES;
				"INFOPLIST_KEY_UIApplicationSceneManifest_Generation[sdk=iphoneos*]" = YES;
				"INFOPLIST_KEY_UIApplicationSceneManifest_Generation[sdk=iphonesimulator*]" = YES;
				"INFOPLIST_KEY_UIApplicationSupportsIndirectInputEvents[sdk=iphoneos*]" = YES;
				"INFOPLIST_KEY_UIApplicationSupportsIndirectInputEvents[sdk=iphonesimulator*]" = YES;
				"INFOPLIST_KEY_UILaunchScreen_Generation[sdk=iphoneos*]" = YES;
				"INFOPLIST_KEY_UILaunchScreen_Generation[sdk=iphonesimulator*]" = YES;
				"INFOPLIST_KEY_UIStatusBarStyle[sdk=iphoneos*]" = UIStatusBarStyleDefault;
				"INFOPLIST_KEY_UIStatusBarStyle[sdk=iphonesimulator*]" = UIStatusBarStyleDefault;
				INFOPLIST_KEY_UISupportedInterfaceOrientations_iPad = "UIInterfaceOrientationPortrait UIInterfaceOrientationPortraitUpsideDown UIInterfaceOrientationLandscapeLeft UIInterfaceOrientationLandscapeRight";
				INFOPLIST_KEY_UISupportedInterfaceOrientations_iPhone = "UIInterfaceOrientationPortrait UIInterfaceOrientationLandscapeLeft UIInterfaceOrientationLandscapeRight";
				IPHONEOS_DEPLOYMENT_TARGET = 18.2;
				LD_RUNPATH_SEARCH_PATHS = "@executable_path/Frameworks";
				"LD_RUNPATH_SEARCH_PATHS[sdk=macosx*]" = "@executable_path/../Frameworks";
				MACOSX_DEPLOYMENT_TARGET = 15.1;
				MARKETING_VERSION = 1.0;
				PRODUCT_BUNDLE_IDENTIFIER = "eu.bm-w.Metal-Sorting";
				PRODUCT_NAME = "$(TARGET_NAME)";
				SDKROOT = auto;
				SUPPORTED_PLATFORMS = "iphoneos iphonesimulator macosx xros xrsimulator";
				SWIFT_EMIT_LOC_STRINGS = YES;
				SWIFT_OBJC_BRIDGING_HEADER = Application/Shaders.h;
				SWIFT_UPCOMING_FEATURE_EXISTENTIAL_ANY = YES;
				SWIFT_VERSION = 6.0;
				TARGETED_DEVICE_FAMILY = "1,2,7";
				XROS_DEPLOYMENT_TARGET = 2.2;
			};
			name = Release;
		};
/* End XCBuildConfiguration section */

/* Begin XCConfigurationList section */
		B63F82E72D2FFB20003212F4 /* Build configuration list for PBXProject "Metal-Sorting" */ = {
			isa = XCConfigurationList;
			buildConfigurations = (
				B63F82F92D2FFB21003212F4 /* Debug */,
				B63F82FA2D2FFB21003212F4 /* Release */,
			);
			defaultConfigurationIsVisible = 0;
			defaultConfigurationName = Release;
		};
		B63F82FB2D2FFB21003212F4 /* Build configuration list for PBXNativeTarget "Metal-Sorting" */ = {
			isa = XCConfigurationList;
			buildConfigurations = (
				B63F82FC2D2FFB21003212F4 /* Debug */,
				B63F82FD2D2FFB21003212F4 /* Release */,
			);
			defaultConfigurationIsVisible = 0;
			defaultConfigurationName = Release;
		};
/* End XCConfigurationList section */
	};
	rootObject = B63F82E42D2FFB20003212F4 /* Project object */;
}
